<?xml version="1.0" encoding="UTF-8" standalone="yes" ?>
<CodeBlocks_project_file>
	<FileVersion major="1" minor="6" />
	<Project>
		<Option title="trabalho" />
		<Option pch_mode="2" />
		<Option compiler="gcc" />
		<Build>
			<Target title="Debug">
				<Option output="bin/Debug/trabalho" prefix_auto="1" extension_auto="1" />
				<Option object_output="obj/Debug/" />
				<Option type="1" />
				<Option compiler="gcc" />
				<Compiler>
					<Add option="-g" />
				</Compiler>
			</Target>
			<Target title="Release">
				<Option output="bin/Release/trabalho" prefix_auto="1" extension_auto="1" />
				<Option object_output="obj/Release/" />
				<Option type="1" />
				<Option compiler="gcc" />
				<Compiler>
					<Add option="-O2" />
				</Compiler>
				<Linker>
					<Add option="-s" />
				</Linker>
			</Target>
		</Build>
		<Compiler>
			<Add option="-Wall" />
			<Add option="-fexceptions" />
		</Compiler>
		<Unit filename="Headers/controller.h" />
		<Unit filename="Headers/domainTest.h" />
		<Unit filename="Headers/domains.h" />
		<Unit filename="Headers/entities.h" />
		<Unit filename="Headers/entityTest.h" />
		<Unit filename="Headers/interfaces.h" />
		<Unit filename="Headers/stubs.h" />
		<Unit filename="Sources/controller.cpp" />
		<Unit filename="Sources/domainTest.cpp" />
		<Unit filename="Sources/domains.cpp" />
		<Unit filename="Sources/entities.cpp" />
		<Unit filename="Sources/entityTest.cpp" />
		<Unit filename="Sources/main.cpp" />
		<Unit filename="Sources/stubs.cpp" />
		<Extensions>
			<lib_finder disable_auto="1" />
		</Extensions>
	</Project>
</CodeBlocks_project_file>
